
Microsoft Visual Studio Solution File, Format Version 11.00
# Visual Studio 2010
Project("{FAE04EC0-301F-11D3-BF4B-00C04F79EFBC}") = "Assembly-CSharp", "Assembly-CSharp.csproj", "{A3D2E28C-7F12-8601-A0F0-252CB06CB2CF}"
EndProject
Project("{FAE04EC0-301F-11D3-BF4B-00C04F79EFBC}") = "Assembly-CSharp-firstpass", "Assembly-CSharp-firstpass.csproj", "{F8AA6B86-AF59-E0FB-AD6F-6D1C5FB3BE4F}"
EndProject
Project("{FAE04EC0-301F-11D3-BF4B-00C04F79EFBC}") = "Assembly-CSharp-Editor", "Assembly-CSharp-Editor.csproj", "{E456F1D4-76CD-7BF1-1EE0-CA9538D02225}"
EndProject
Global
	GlobalSection(SolutionConfigurationPlatforms) = preSolution
		Debug|Any CPU = Debug|Any CPU
		Release|Any CPU = Release|Any CPU
	EndGlobalSection
	GlobalSection(ProjectConfigurationPlatforms) = postSolution
		{A3D2E28C-7F12-8601-A0F0-252CB06CB2CF}.Debug|Any CPU.ActiveCfg = Debug|Any CPU
		{A3D2E28C-7F12-8601-A0F0-252CB06CB2CF}.Debug|Any CPU.Build.0 = Debug|Any CPU
		{A3D2E28C-7F12-8601-A0F0-252CB06CB2CF}.Release|Any CPU.ActiveCfg = Release|Any CPU
		{A3D2E28C-7F12-8601-A0F0-252CB06CB2CF}.Release|Any CPU.Build.0 = Release|Any CPU
		{F8AA6B86-AF59-E0FB-AD6F-6D1C5FB3BE4F}.Debug|Any CPU.ActiveCfg = Debug|Any CPU
		{F8AA6B86-AF59-E0FB-AD6F-6D1C5FB3BE4F}.Debug|Any CPU.Build.0 = Debug|Any CPU
		{F8AA6B86-AF59-E0FB-AD6F-6D1C5FB3BE4F}.Release|Any CPU.ActiveCfg = Release|Any CPU
		{F8AA6B86-AF59-E0FB-AD6F-6D1C5FB3BE4F}.Release|Any CPU.Build.0 = Release|Any CPU
		{E456F1D4-76CD-7BF1-1EE0-CA9538D02225}.Debug|Any CPU.ActiveCfg = Debug|Any CPU
		{E456F1D4-76CD-7BF1-1EE0-CA9538D02225}.Debug|Any CPU.Build.0 = Debug|Any CPU
		{E456F1D4-76CD-7BF1-1EE0-CA9538D02225}.Release|Any CPU.ActiveCfg = Release|Any CPU
		{E456F1D4-76CD-7BF1-1EE0-CA9538D02225}.Release|Any CPU.Build.0 = Release|Any CPU
	EndGlobalSection
	GlobalSection(SolutionProperties) = preSolution
		HideSolutionNode = FALSE
	EndGlobalSection
EndGlobal
